# This file is autogenerated, do not edit; changes may be undone by the next 'dep ensure'.


[[projects]]
  branch = "master"
  name = "github.com/corpix/uarand"
  packages = ["."]
  revision = "99aa07233de7570f28543082875c6c05a7c6818b"

[[projects]]
  name = "github.com/gorilla/context"
  packages = ["."]
  revision = "1ea25387ff6f684839d82767c1733ff4d4d15d0a"
  version = "v1.1"

[[projects]]
  name = "github.com/gorilla/mux"
  packages = ["."]
  revision = "bcd8bc72b08df0f70df986b97f95590779502d31"
  version = "v1.4.0"

[[projects]]
  branch = "master"
  name = "github.com/gorilla/pat"
  packages = ["."]
  revision = "cf955c3d1f2c27ee96f93e9738085c762ff5f49d"

[[projects]]
  branch = "master"
  name = "github.com/icrowley/fake"
  packages = ["."]
  revision = "54f5c7e1dea7e1c582ff563308228c592252fff9"

[[projects]]
  branch = "master"
  name = "github.com/lib/pq"
  packages = [".","oid"]
  revision = "dd1fe2071026ce53f36a39112e645b4d4f5793a4"

[solve-meta]
  analyzer-name = "dep"
  analyzer-version = 1
  inputs-digest = "eb228ffc2a4fe6ed3a3f87d92c99699280485110e423da4b055c498c57c74236"
  solver-name = "gps-cdcl"
  solver-version = 1
